// !$*UTF8*$!
{
	archiveVersion = 1;
	classes = {
	};
	objectVersion = 55;
	objects = {

/* Begin PBXBuildFile section */
		8B1BB3662892E8DC006D9A8E /* SwiftUIFBApp.swift in Sources */ = {isa = PBXBuildFile; fileRef = 8B1BB3652892E8DC006D9A8E /* SwiftUIFBApp.swift */; };
		8B1BB3682892E8DC006D9A8E /* ContentView.swift in Sources */ = {isa = PBXBuildFile; fileRef = 8B1BB3672892E8DC006D9A8E /* ContentView.swift */; };
		8B1BB36A2892E8E0006D9A8E /* Assets.xcassets in Resources */ = {isa = PBXBuildFile; fileRef = 8B1BB3692892E8E0006D9A8E /* Assets.xcassets */; };
		8B1BB36D2892E8E0006D9A8E /* Preview Assets.xcassets in Resources */ = {isa = PBXBuildFile; fileRef = 8B1BB36C2892E8E0006D9A8E /* Preview Assets.xcassets */; };
		8B1BB3742892E905006D9A8E /* LoginView.swift in Sources */ = {isa = PBXBuildFile; fileRef = 8B1BB3732892E905006D9A8E /* LoginView.swift */; };
		8B1BB3762892E913006D9A8E /* RegistrationView.swift in Sources */ = {isa = PBXBuildFile; fileRef = 8B1BB3752892E913006D9A8E /* RegistrationView.swift */; };
		8B1BB3782892E921006D9A8E /* MainInterfaceView.swift in Sources */ = {isa = PBXBuildFile; fileRef = 8B1BB3772892E921006D9A8E /* MainInterfaceView.swift */; };
		8B1BB37A2892EBFF006D9A8E /* CustomTextField.swift in Sources */ = {isa = PBXBuildFile; fileRef = 8B1BB3792892EBFF006D9A8E /* CustomTextField.swift */; };
		8B1BB37C2892EDE0006D9A8E /* CustomButton.swift in Sources */ = {isa = PBXBuildFile; fileRef = 8B1BB37B2892EDE0006D9A8E /* CustomButton.swift */; };
		8B1BB37E2892F282006D9A8E /* GoogleService-Info.plist in Resources */ = {isa = PBXBuildFile; fileRef = 8B1BB37D2892F282006D9A8E /* GoogleService-Info.plist */; };
		8B1BB3812892F2E2006D9A8E /* FirebaseAuth in Frameworks */ = {isa = PBXBuildFile; productRef = 8B1BB3802892F2E2006D9A8E /* FirebaseAuth */; };
		8B1BB3832892F3D6006D9A8E /* ContentViewModel.swift in Sources */ = {isa = PBXBuildFile; fileRef = 8B1BB3822892F3D6006D9A8E /* ContentViewModel.swift */; };
/* End PBXBuildFile section */

/* Begin PBXFileReference section */
		8B1BB3622892E8DC006D9A8E /* SwiftUIFB.app */ = {isa = PBXFileReference; explicitFileType = wrapper.application; includeInIndex = 0; path = SwiftUIFB.app; sourceTree = BUILT_PRODUCTS_DIR; };
		8B1BB3652892E8DC006D9A8E /* SwiftUIFBApp.swift */ = {isa = PBXFileReference; lastKnownFileType = sourcecode.swift; path = SwiftUIFBApp.swift; sourceTree = "<group>"; };
		8B1BB3672892E8DC006D9A8E /* ContentView.swift */ = {isa = PBXFileReference; lastKnownFileType = sourcecode.swift; path = ContentView.swift; sourceTree = "<group>"; };
		8B1BB3692892E8E0006D9A8E /* Assets.xcassets */ = {isa = PBXFileReference; lastKnownFileType = folder.assetcatalog; path = Assets.xcassets; sourceTree = "<group>"; };
		8B1BB36C2892E8E0006D9A8E /* Preview Assets.xcassets */ = {isa = PBXFileReference; lastKnownFileType = folder.assetcatalog; path = "Preview Assets.xcassets"; sourceTree = "<group>"; };
		8B1BB3732892E905006D9A8E /* LoginView.swift */ = {isa = PBXFileReference; lastKnownFileType = sourcecode.swift; path = LoginView.swift; sourceTree = "<group>"; };
		8B1BB3752892E913006D9A8E /* RegistrationView.swift */ = {isa = PBXFileReference; lastKnownFileType = sourcecode.swift; path = RegistrationView.swift; sourceTree = "<group>"; };
		8B1BB3772892E921006D9A8E /* MainInterfaceView.swift */ = {isa = PBXFileReference; lastKnownFileType = sourcecode.swift; path = MainInterfaceView.swift; sourceTree = "<group>"; };
		8B1BB3792892EBFF006D9A8E /* CustomTextField.swift */ = {isa = PBXFileReference; lastKnownFileType = sourcecode.swift; path = CustomTextField.swift; sourceTree = "<group>"; };
		8B1BB37B2892EDE0006D9A8E /* CustomButton.swift */ = {isa = PBXFileReference; lastKnownFileType = sourcecode.swift; path = CustomButton.swift; sourceTree = "<group>"; };
		8B1BB37D2892F282006D9A8E /* GoogleService-Info.plist */ = {isa = PBXFileReference; fileEncoding = 4; lastKnownFileType = text.plist.xml; path = "GoogleService-Info.plist"; sourceTree = "<group>"; };
		8B1BB3822892F3D6006D9A8E /* ContentViewModel.swift */ = {isa = PBXFileReference; lastKnownFileType = sourcecode.swift; path = ContentViewModel.swift; sourceTree = "<group>"; };
		8B1BB3842892FABC006D9A8E /* Info.plist */ = {isa = PBXFileReference; lastKnownFileType = text.plist; path = Info.plist; sourceTree = "<group>"; };
/* End PBXFileReference section */

/* Begin PBXFrameworksBuildPhase section */
		8B1BB35F2892E8DC006D9A8E /* Frameworks */ = {
			isa = PBXFrameworksBuildPhase;
			buildActionMask = 2147483647;
			files = (
				8B1BB3812892F2E2006D9A8E /* FirebaseAuth in Frameworks */,
			);
			runOnlyForDeploymentPostprocessing = 0;
		};
/* End PBXFrameworksBuildPhase section */

/* Begin PBXGroup section */
		8B1BB3592892E8DC006D9A8E = {
			isa = PBXGroup;
			children = (
				8B1BB3642892E8DC006D9A8E /* SwiftUIFB */,
				8B1BB3632892E8DC006D9A8E /* Products */,
			);
			sourceTree = "<group>";
		};
		8B1BB3632892E8DC006D9A8E /* Products */ = {
			isa = PBXGroup;
			children = (
				8B1BB3622892E8DC006D9A8E /* SwiftUIFB.app */,
			);
			name = Products;
			sourceTree = "<group>";
		};
		8B1BB3642892E8DC006D9A8E /* SwiftUIFB */ = {
			isa = PBXGroup;
			children = (
				8B1BB3842892FABC006D9A8E /* Info.plist */,
				8B1BB3652892E8DC006D9A8E /* SwiftUIFBApp.swift */,
				8B1BB37D2892F282006D9A8E /* GoogleService-Info.plist */,
				8B1BB3672892E8DC006D9A8E /* ContentView.swift */,
				8B1BB3822892F3D6006D9A8E /* ContentViewModel.swift */,
				8B1BB3772892E921006D9A8E /* MainInterfaceView.swift */,
				8B1BB3792892EBFF006D9A8E /* CustomTextField.swift */,
				8B1BB3752892E913006D9A8E /* RegistrationView.swift */,
				8B1BB3732892E905006D9A8E /* LoginView.swift */,
				8B1BB37B2892EDE0006D9A8E /* CustomButton.swift */,
				8B1BB3692892E8E0006D9A8E /* Assets.xcassets */,
				8B1BB36B2892E8E0006D9A8E /* Preview Content */,
			);
			path = SwiftUIFB;
			sourceTree = "<group>";
		};
		8B1BB36B2892E8E0006D9A8E /* Preview Content */ = {
			isa = PBXGroup;
			children = (
				8B1BB36C2892E8E0006D9A8E /* Preview Assets.xcassets */,
			);
			path = "Preview Content";
			sourceTree = "<group>";
		};
/* End PBXGroup section */

/* Begin PBXNativeTarget section */
		8B1BB3612892E8DC006D9A8E /* SwiftUIFB */ = {
			isa = PBXNativeTarget;
			buildConfigurationList = 8B1BB3702892E8E0006D9A8E /* Build configuration list for PBXNativeTarget "SwiftUIFB" */;
			buildPhases = (
				8B1BB35E2892E8DC006D9A8E /* Sources */,
				8B1BB35F2892E8DC006D9A8E /* Frameworks */,
				8B1BB3602892E8DC006D9A8E /* Resources */,
			);
			buildRules = (
			);
			dependencies = (
			);
			name = SwiftUIFB;
			packageProductDependencies = (
				8B1BB3802892F2E2006D9A8E /* FirebaseAuth */,
			);
			productName = SwiftUIFB;
			productReference = 8B1BB3622892E8DC006D9A8E /* SwiftUIFB.app */;
			productType = "com.apple.product-type.application";
		};
/* End PBXNativeTarget section */

/* Begin PBXProject section */
		8B1BB35A2892E8DC006D9A8E /* Project object */ = {
			isa = PBXProject;
			attributes = {
				BuildIndependentTargetsInParallel = 1;
				LastSwiftUpdateCheck = 1340;
				LastUpgradeCheck = 1340;
				TargetAttributes = {
					8B1BB3612892E8DC006D9A8E = {
						CreatedOnToolsVersion = 13.4.1;
					};
				};
			};
			buildConfigurationList = 8B1BB35D2892E8DC006D9A8E /* Build configuration list for PBXProject "SwiftUIFB" */;
			compatibilityVersion = "Xcode 13.0";
			developmentRegion = en;
			hasScannedForEncodings = 0;
			knownRegions = (
				en,
				Base,
			);
			mainGroup = 8B1BB3592892E8DC006D9A8E;
			packageReferences = (
				8B1BB37F2892F2E2006D9A8E /* XCRemoteSwiftPackageReference "firebase-ios-sdk" */,
			);
			productRefGroup = 8B1BB3632892E8DC006D9A8E /* Products */;
			projectDirPath = "";
			projectRoot = "";
			targets = (
				8B1BB3612892E8DC006D9A8E /* SwiftUIFB */,
			);
		};
/* End PBXProject section */

/* Begin PBXResourcesBuildPhase section */
		8B1BB3602892E8DC006D9A8E /* Resources */ = {
			isa = PBXResourcesBuildPhase;
			buildActionMask = 2147483647;
			files = (
				8B1BB36D2892E8E0006D9A8E /* Preview Assets.xcassets in Resources */,
				8B1BB36A2892E8E0006D9A8E /* Assets.xcassets in Resources */,
				8B1BB37E2892F282006D9A8E /* GoogleService-Info.plist in Resources */,
			);
			runOnlyForDeploymentPostprocessing = 0;
		};
/* End PBXResourcesBuildPhase section */

/* Begin PBXSourcesBuildPhase section */
		8B1BB35E2892E8DC006D9A8E /* Sources */ = {
			isa = PBXSourcesBuildPhase;
			buildActionMask = 2147483647;
			files = (
				8B1BB3832892F3D6006D9A8E /* ContentViewModel.swift in Sources */,
				8B1BB3742892E905006D9A8E /* LoginView.swift in Sources */,
				8B1BB3782892E921006D9A8E /* MainInterfaceView.swift in Sources */,
				8B1BB37A2892EBFF006D9A8E /* CustomTextField.swift in Sources */,
				8B1BB3682892E8DC006D9A8E /* ContentView.swift in Sources */,
				8B1BB37C2892EDE0006D9A8E /* CustomButton.swift in Sources */,
				8B1BB3662892E8DC006D9A8E /* SwiftUIFBApp.swift in Sources */,
				8B1BB3762892E913006D9A8E /* RegistrationView.swift in Sources */,
			);
			runOnlyForDeploymentPostprocessing = 0;
		};
/* End PBXSourcesBuildPhase section */

/* Begin XCBuildConfiguration section */
		8B1BB36E2892E8E0006D9A8E /* Debug */ = {
			isa = XCBuildConfiguration;
			buildSettings = {
				ALWAYS_SEARCH_USER_PATHS = NO;
				CLANG_ANALYZER_NONNULL = YES;
				CLANG_ANALYZER_NUMBER_OBJECT_CONVERSION = YES_AGGRESSIVE;
				CLANG_CXX_LANGUAGE_STANDARD = "gnu++17";
				CLANG_ENABLE_MODULES = YES;
				CLANG_ENABLE_OBJC_ARC = YES;
				CLANG_ENABLE_OBJC_WEAK = YES;
				CLANG_WARN_BLOCK_CAPTURE_AUTORELEASING = YES;
				CLANG_WARN_BOOL_CONVERSION = YES;
				CLANG_WARN_COMMA = YES;
				CLANG_WARN_CONSTANT_CONVERSION = YES;
				CLANG_WARN_DEPRECATED_OBJC_IMPLEMENTATIONS = YES;
				CLANG_WARN_DIRECT_OBJC_ISA_USAGE = YES_ERROR;
				CLANG_WARN_DOCUMENTATION_COMMENTS = YES;
				CLANG_WARN_EMPTY_BODY = YES;
				CLANG_WARN_ENUM_CONVERSION = YES;
				CLANG_WARN_INFINITE_RECURSION = YES;
				CLANG_WARN_INT_CONVERSION = YES;
				CLANG_WARN_NON_LITERAL_NULL_CONVERSION = YES;
				CLANG_WARN_OBJC_IMPLICIT_RETAIN_SELF = YES;
				CLANG_WARN_OBJC_LITERAL_CONVERSION = YES;
				CLANG_WARN_OBJC_ROOT_CLASS = YES_ERROR;
				CLANG_WARN_QUOTED_INCLUDE_IN_FRAMEWORK_HEADER = YES;
				CLANG_WARN_RANGE_LOOP_ANALYSIS = YES;
				CLANG_WARN_STRICT_PROTOTYPES = YES;
				CLANG_WARN_SUSPICIOUS_MOVE = YES;
				CLANG_WARN_UNGUARDED_AVAILABILITY = YES_AGGRESSIVE;
				CLANG_WARN_UNREACHABLE_CODE = YES;
				CLANG_WARN__DUPLICATE_METHOD_MATCH = YES;
				COPY_PHASE_STRIP = NO;
				DEBUG_INFORMATION_FORMAT = dwarf;
				ENABLE_STRICT_OBJC_MSGSEND = YES;
				ENABLE_TESTABILITY = YES;
				GCC_C_LANGUAGE_STANDARD = gnu11;
				GCC_DYNAMIC_NO_PIC = NO;
				GCC_NO_COMMON_BLOCKS = YES;
				GCC_OPTIMIZATION_LEVEL = 0;
				GCC_PREPROCESSOR_DEFINITIONS = (
					"DEBUG=1",
					"$(inherited)",
				);
				GCC_WARN_64_TO_32_BIT_CONVERSION = YES;
				GCC_WARN_ABOUT_RETURN_TYPE = YES_ERROR;
				GCC_WARN_UNDECLARED_SELECTOR = YES;
				GCC_WARN_UNINITIALIZED_AUTOS = YES_AGGRESSIVE;
				GCC_WARN_UNUSED_FUNCTION = YES;
				GCC_WARN_UNUSED_VARIABLE = YES;
				IPHONEOS_DEPLOYMENT_TARGET = 15.5;
				MTL_ENABLE_DEBUG_INFO = INCLUDE_SOURCE;
				MTL_FAST_MATH = YES;
				ONLY_ACTIVE_ARCH = YES;
				SDKROOT = iphoneos;
				SWIFT_ACTIVE_COMPILATION_CONDITIONS = DEBUG;
				SWIFT_OPTIMIZATION_LEVEL = "-Onone";
			};
			name = Debug;
		};
		8B1BB36F2892E8E0006D9A8E /* Release */ = {
			isa = XCBuildConfiguration;
			buildSettings = {
				ALWAYS_SEARCH_USER_PATHS = NO;
				CLANG_ANALYZER_NONNULL = YES;
				CLANG_ANALYZER_NUMBER_OBJECT_CONVERSION = YES_AGGRESSIVE;
				CLANG_CXX_LANGUAGE_STANDARD = "gnu++17";
				CLANG_ENABLE_MODULES = YES;
				CLANG_ENABLE_OBJC_ARC = YES;
				CLANG_ENABLE_OBJC_WEAK = YES;
				CLANG_WARN_BLOCK_CAPTURE_AUTORELEASING = YES;
				CLANG_WARN_BOOL_CONVERSION = YES;
				CLANG_WARN_COMMA = YES;
				CLANG_WARN_CONSTANT_CONVERSION = YES;
				CLANG_WARN_DEPRECATED_OBJC_IMPLEMENTATIONS = YES;
				CLANG_WARN_DIRECT_OBJC_ISA_USAGE = YES_ERROR;
				CLANG_WARN_DOCUMENTATION_COMMENTS = YES;
				CLANG_WARN_EMPTY_BODY = YES;
				CLANG_WARN_ENUM_CONVERSION = YES;
				CLANG_WARN_INFINITE_RECURSION = YES;
				CLANG_WARN_INT_CONVERSION = YES;
				CLANG_WARN_NON_LITERAL_NULL_CONVERSION = YES;
				CLANG_WARN_OBJC_IMPLICIT_RETAIN_SELF = YES;
				CLANG_WARN_OBJC_LITERAL_CONVERSION = YES;
				CLANG_WARN_OBJC_ROOT_CLASS = YES_ERROR;
				CLANG_WARN_QUOTED_INCLUDE_IN_FRAMEWORK_HEADER = YES;
				CLANG_WARN_RANGE_LOOP_ANALYSIS = YES;
				CLANG_WARN_STRICT_PROTOTYPES = YES;
				CLANG_WARN_SUSPICIOUS_MOVE = YES;
				CLANG_WARN_UNGUARDED_AVAILABILITY = YES_AGGRESSIVE;
				CLANG_WARN_UNREACHABLE_CODE = YES;
				CLANG_WARN__DUPLICATE_METHOD_MATCH = YES;
				COPY_PHASE_STRIP = NO;
				DEBUG_INFORMATION_FORMAT = "dwarf-with-dsym";
				ENABLE_NS_ASSERTIONS = NO;
				ENABLE_STRICT_OBJC_MSGSEND = YES;
				GCC_C_LANGUAGE_STANDARD = gnu11;
				GCC_NO_COMMON_BLOCKS = YES;
				GCC_WARN_64_TO_32_BIT_CONVERSION = YES;
				GCC_WARN_ABOUT_RETURN_TYPE = YES_ERROR;
				GCC_WARN_UNDECLARED_SELECTOR = YES;
				GCC_WARN_UNINITIALIZED_AUTOS = YES_AGGRESSIVE;
				GCC_WARN_UNUSED_FUNCTION = YES;
				GCC_WARN_UNUSED_VARIABLE = YES;
				IPHONEOS_DEPLOYMENT_TARGET = 15.5;
				MTL_ENABLE_DEBUG_INFO = NO;
				MTL_FAST_MATH = YES;
				SDKROOT = iphoneos;
				SWIFT_COMPILATION_MODE = wholemodule;
				SWIFT_OPTIMIZATION_LEVEL = "-O";
				VALIDATE_PRODUCT = YES;
			};
			name = Release;
		};
		8B1BB3712892E8E0006D9A8E /* Debug */ = {
			isa = XCBuildConfiguration;
			buildSettings = {
				ASSETCATALOG_COMPILER_APPICON_NAME = AppIcon;
				ASSETCATALOG_COMPILER_GLOBAL_ACCENT_COLOR_NAME = AccentColor;
				CODE_SIGN_STYLE = Automatic;
				CURRENT_PROJECT_VERSION = 1;
				DEVELOPMENT_ASSET_PATHS = "\"SwiftUIFB/Preview Content\"";
				DEVELOPMENT_TEAM = P7G4S46AJK;
				ENABLE_PREVIEWS = YES;
				GENERATE_INFOPLIST_FILE = YES;
				INFOPLIST_FILE = SwiftUIFB/Info.plist;
				INFOPLIST_KEY_UIApplicationSceneManifest_Generation = YES;
				INFOPLIST_KEY_UIApplicationSupportsIndirectInputEvents = YES;
				INFOPLIST_KEY_UILaunchScreen_Generation = YES;
				INFOPLIST_KEY_UISupportedInterfaceOrientations_iPad = "UIInterfaceOrientationPortrait UIInterfaceOrientationPortraitUpsideDown UIInterfaceOrientationLandscapeLeft UIInterfaceOrientationLandscapeRight";
				INFOPLIST_KEY_UISupportedInterfaceOrientations_iPhone = "UIInterfaceOrientationPortrait UIInterfaceOrientationLandscapeLeft UIInterfaceOrientationLandscapeRight";
				LD_RUNPATH_SEARCH_PATHS = (
					"$(inherited)",
					"@executable_path/Frameworks",
				);
				MARKETING_VERSION = 1.0;
				PRODUCT_BUNDLE_IDENTIFIER = com.vtechnoz.SwiftUIFB;
				PRODUCT_NAME = "$(TARGET_NAME)";
				SWIFT_EMIT_LOC_STRINGS = YES;
				SWIFT_VERSION = 5.0;
				TARGETED_DEVICE_FAMILY = "1,2";
			};
			name = Debug;
		};
		8B1BB3722892E8E0006D9A8E /* Release */ = {
			isa = XCBuildConfiguration;
			buildSettings = {
				ASSETCATALOG_COMPILER_APPICON_NAME = AppIcon;
				ASSETCATALOG_COMPILER_GLOBAL_ACCENT_COLOR_NAME = AccentColor;
				CODE_SIGN_STYLE = Automatic;
				CURRENT_PROJECT_VERSION = 1;
				DEVELOPMENT_ASSET_PATHS = "\"SwiftUIFB/Preview Content\"";
				DEVELOPMENT_TEAM = P7G4S46AJK;
				ENABLE_PREVIEWS = YES;
				GENERATE_INFOPLIST_FILE = YES;
				INFOPLIST_FILE = SwiftUIFB/Info.plist;
				INFOPLIST_KEY_UIApplicationSceneManifest_Generation = YES;
				INFOPLIST_KEY_UIApplicationSupportsIndirectInputEvents = YES;
				INFOPLIST_KEY_UILaunchScreen_Generation = YES;
				INFOPLIST_KEY_UISupportedInterfaceOrientations_iPad = "UIInterfaceOrientationPortrait UIInterfaceOrientationPortraitUpsideDown UIInterfaceOrientationLandscapeLeft UIInterfaceOrientationLandscapeRight";
				INFOPLIST_KEY_UISupportedInterfaceOrientations_iPhone = "UIInterfaceOrientationPortrait UIInterfaceOrientationLandscapeLeft UIInterfaceOrientationLandscapeRight";
				LD_RUNPATH_SEARCH_PATHS = (
					"$(inherited)",
					"@executable_path/Frameworks",
				);
				MARKETING_VERSION = 1.0;
				PRODUCT_BUNDLE_IDENTIFIER = com.vtechnoz.SwiftUIFB;
				PRODUCT_NAME = "$(TARGET_NAME)";
				SWIFT_EMIT_LOC_STRINGS = YES;
				SWIFT_VERSION = 5.0;
				TARGETED_DEVICE_FAMILY = "1,2";
			};
			name = Release;
		};
/* End XCBuildConfiguration section */

/* Begin XCConfigurationList section */
		8B1BB35D2892E8DC006D9A8E /* Build configuration list for PBXProject "SwiftUIFB" */ = {
			isa = XCConfigurationList;
			buildConfigurations = (
				8B1BB36E2892E8E0006D9A8E /* Debug */,
				8B1BB36F2892E8E0006D9A8E /* Release */,
			);
			defaultConfigurationIsVisible = 0;
			defaultConfigurationName = Release;
		};
		8B1BB3702892E8E0006D9A8E /* Build configuration list for PBXNativeTarget "SwiftUIFB" */ = {
			isa = XCConfigurationList;
			buildConfigurations = (
				8B1BB3712892E8E0006D9A8E /* Debug */,
				8B1BB3722892E8E0006D9A8E /* Release */,
			);
			defaultConfigurationIsVisible = 0;
			defaultConfigurationName = Release;
		};
/* End XCConfigurationList section */

/* Begin XCRemoteSwiftPackageReference section */
		8B1BB37F2892F2E2006D9A8E /* XCRemoteSwiftPackageReference "firebase-ios-sdk" */ = {
			isa = XCRemoteSwiftPackageReference;
			repositoryURL = "https://github.com/firebase/firebase-ios-sdk";
			requirement = {
				kind = upToNextMajorVersion;
				minimumVersion = 9.0.0;
			};
		};
/* End XCRemoteSwiftPackageReference section */

/* Begin XCSwiftPackageProductDependency section */
		8B1BB3802892F2E2006D9A8E /* FirebaseAuth */ = {
			isa = XCSwiftPackageProductDependency;
			package = 8B1BB37F2892F2E2006D9A8E /* XCRemoteSwiftPackageReference "firebase-ios-sdk" */;
			productName = FirebaseAuth;
		};
/* End XCSwiftPackageProductDependency section */
	};
	rootObject = 8B1BB35A2892E8DC006D9A8E /* Project object */;
}
